
Microsoft Visual Studio Solution File, Format Version 12.00
# Visual Studio Version 17
VisualStudioVersion = 17.0.31717.71
MinimumVisualStudioVersion = 10.0.40219.1
Project("{9A19103F-16F7-4668-BE54-9A1E7A4F7556}") = "NFL.Server", "NFL\Server\NFL.Server.csproj", "{635CDEC2-061D-4EB9-9D98-76999EB406B9}"
EndProject
Project("{9A19103F-16F7-4668-BE54-9A1E7A4F7556}") = "NFL.Client", "NFL\Client\NFL.Client.csproj", "{3A4DB950-3D6C-41DF-A340-21B0ED91B7D1}"
EndProject
Project("{9A19103F-16F7-4668-BE54-9A1E7A4F7556}") = "NFL.Shared", "NFL\Shared\NFL.Shared.csproj", "{8324BC1C-AA6E-4502-AAB4-7CCF8B9D04EF}"
EndProject
Global
	GlobalSection(SolutionConfigurationPlatforms) = preSolution
		Debug|Any CPU = Debug|Any CPU
		Release|Any CPU = Release|Any CPU
	EndGlobalSection
	GlobalSection(ProjectConfigurationPlatforms) = postSolution
		{635CDEC2-061D-4EB9-9D98-76999EB406B9}.Debug|Any CPU.ActiveCfg = Debug|Any CPU
		{635CDEC2-061D-4EB9-9D98-76999EB406B9}.Debug|Any CPU.Build.0 = Debug|Any CPU
		{635CDEC2-061D-4EB9-9D98-76999EB406B9}.Release|Any CPU.ActiveCfg = Release|Any CPU
		{635CDEC2-061D-4EB9-9D98-76999EB406B9}.Release|Any CPU.Build.0 = Release|Any CPU
		{3A4DB950-3D6C-41DF-A340-21B0ED91B7D1}.Debug|Any CPU.ActiveCfg = Debug|Any CPU
		{3A4DB950-3D6C-41DF-A340-21B0ED91B7D1}.Debug|Any CPU.Build.0 = Debug|Any CPU
		{3A4DB950-3D6C-41DF-A340-21B0ED91B7D1}.Release|Any CPU.ActiveCfg = Release|Any CPU
		{3A4DB950-3D6C-41DF-A340-21B0ED91B7D1}.Release|Any CPU.Build.0 = Release|Any CPU
		{8324BC1C-AA6E-4502-AAB4-7CCF8B9D04EF}.Debug|Any CPU.ActiveCfg = Debug|Any CPU
		{8324BC1C-AA6E-4502-AAB4-7CCF8B9D04EF}.Debug|Any CPU.Build.0 = Debug|Any CPU
		{8324BC1C-AA6E-4502-AAB4-7CCF8B9D04EF}.Release|Any CPU.ActiveCfg = Release|Any CPU
		{8324BC1C-AA6E-4502-AAB4-7CCF8B9D04EF}.Release|Any CPU.Build.0 = Release|Any CPU
	EndGlobalSection
	GlobalSection(SolutionProperties) = preSolution
		HideSolutionNode = FALSE
	EndGlobalSection
	GlobalSection(ExtensibilityGlobals) = postSolution
		SolutionGuid = {66F25F31-9FAD-4CEF-911D-C8E5D89023D7}
	EndGlobalSection
EndGlobal
